
Microsoft Visual Studio Solution File, Format Version 12.00
# Visual Studio Version 16
VisualStudioVersion = 16.0.30002.166
MinimumVisualStudioVersion = 10.0.40219.1
Project("{FAE04EC0-301F-11D3-BF4B-00C04F79EFBC}") = "Gltf_file_sharing.API", "Gltf_file_sharing.API\Gltf_file_sharing.API.csproj", "{C7847334-2A58-43E0-91AF-DA5C6293A49B}"
EndProject
Project("{FAE04EC0-301F-11D3-BF4B-00C04F79EFBC}") = "Gltf_file_sharing.Data", "Gltf_file_sharing.Data\Gltf_file_sharing.Data.csproj", "{103B1735-277A-4A33-B1BA-B86B87C73C08}"
EndProject
Global
	GlobalSection(SolutionConfigurationPlatforms) = preSolution
		Debug|Any CPU = Debug|Any CPU
		Release|Any CPU = Release|Any CPU
	EndGlobalSection
	GlobalSection(ProjectConfigurationPlatforms) = postSolution
		{C7847334-2A58-43E0-91AF-DA5C6293A49B}.Debug|Any CPU.ActiveCfg = Debug|Any CPU
		{C7847334-2A58-43E0-91AF-DA5C6293A49B}.Debug|Any CPU.Build.0 = Debug|Any CPU
		{C7847334-2A58-43E0-91AF-DA5C6293A49B}.Release|Any CPU.ActiveCfg = Release|Any CPU
		{C7847334-2A58-43E0-91AF-DA5C6293A49B}.Release|Any CPU.Build.0 = Release|Any CPU
		{103B1735-277A-4A33-B1BA-B86B87C73C08}.Debug|Any CPU.ActiveCfg = Debug|Any CPU
		{103B1735-277A-4A33-B1BA-B86B87C73C08}.Debug|Any CPU.Build.0 = Debug|Any CPU
		{103B1735-277A-4A33-B1BA-B86B87C73C08}.Release|Any CPU.ActiveCfg = Release|Any CPU
		{103B1735-277A-4A33-B1BA-B86B87C73C08}.Release|Any CPU.Build.0 = Release|Any CPU
	EndGlobalSection
	GlobalSection(SolutionProperties) = preSolution
		HideSolutionNode = FALSE
	EndGlobalSection
	GlobalSection(ExtensibilityGlobals) = postSolution
		SolutionGuid = {DE4B0216-75F2-4BFC-A297-260631612A9F}
	EndGlobalSection
EndGlobal
